
Microsoft Visual Studio Solution File, Format Version 12.00
# Visual Studio Version 17
VisualStudioVersion = 17.5.33530.505
MinimumVisualStudioVersion = 10.0.40219.1
Project("{2150E333-8FDC-42A3-9474-1A3956D46DE8}") = "Services", "Services", "{EAC5CBEB-2E6A-4B02-A0E1-63945D41AD33}"
EndProject
Project("{2150E333-8FDC-42A3-9474-1A3956D46DE8}") = "Catalog", "Catalog", "{6BC06FC2-7757-4E54-AA70-92B4E0DBE904}"
EndProject
Project("{9A19103F-16F7-4668-BE54-9A1E7A4F7556}") = "MultiShop.Catalog", "Services\Catalog\MultiShop.Catalog\MultiShop.Catalog.csproj", "{31A5039D-248E-46B7-B336-BC2602B70E33}"
EndProject
Project("{2150E333-8FDC-42A3-9474-1A3956D46DE8}") = "Discount", "Discount", "{FCF1E24E-53C2-4C75-B437-58AA470BFDFB}"
EndProject
Project("{9A19103F-16F7-4668-BE54-9A1E7A4F7556}") = "MultiShop.Discount", "Services\Discount\MultiShop.Discount\MultiShop.Discount.csproj", "{89A9F391-A6E0-4FA5-A8CD-0AC539570D91}"
EndProject
Project("{2150E333-8FDC-42A3-9474-1A3956D46DE8}") = "Order", "Order", "{B969717C-6675-4D5B-B19D-1FA1AE81700B}"
EndProject
Project("{2150E333-8FDC-42A3-9474-1A3956D46DE8}") = "Core", "Core", "{11EF1601-F073-4AA5-9316-2C8825E296EE}"
EndProject
Project("{2150E333-8FDC-42A3-9474-1A3956D46DE8}") = "Infrastructure", "Infrastructure", "{6AC78F62-2DB4-4B51-B9E7-1BA19B198CE9}"
EndProject
Project("{2150E333-8FDC-42A3-9474-1A3956D46DE8}") = "Presentation", "Presentation", "{C7036FB7-C4E0-45FE-A9EB-2F1E026ADE14}"
EndProject
Project("{FAE04EC0-301F-11D3-BF4B-00C04F79EFBC}") = "MultiShop.Order.Application", "Services\Order\Core\MultiShop.Order.Application\MultiShop.Order.Application.csproj", "{B8334669-6625-44BF-8B70-BEB82CC1580E}"
EndProject
Project("{FAE04EC0-301F-11D3-BF4B-00C04F79EFBC}") = "MultiShop.Order.Domain", "Services\Order\Core\MultiShop.Order.Domain\MultiShop.Order.Domain.csproj", "{4E254759-9292-4A07-9559-2567B68A7B5B}"
EndProject
Project("{FAE04EC0-301F-11D3-BF4B-00C04F79EFBC}") = "MultiShop.Order.Persistence", "Services\Order\Infrastructure\MultiShop.Order.Persistence\MultiShop.Order.Persistence.csproj", "{8C83E3E5-8B7D-47E2-8B0E-C0BE9564361E}"
EndProject
Project("{FAE04EC0-301F-11D3-BF4B-00C04F79EFBC}") = "MultiShop.Order.WebApi", "Services\Order\Presentation\MultiShop.Order.WebApi\MultiShop.Order.WebApi.csproj", "{D603CB86-7420-4285-AB78-7C323010704A}"
EndProject
Global
	GlobalSection(SolutionConfigurationPlatforms) = preSolution
		Debug|Any CPU = Debug|Any CPU
		Release|Any CPU = Release|Any CPU
	EndGlobalSection
	GlobalSection(ProjectConfigurationPlatforms) = postSolution
		{31A5039D-248E-46B7-B336-BC2602B70E33}.Debug|Any CPU.ActiveCfg = Debug|Any CPU
		{31A5039D-248E-46B7-B336-BC2602B70E33}.Debug|Any CPU.Build.0 = Debug|Any CPU
		{31A5039D-248E-46B7-B336-BC2602B70E33}.Release|Any CPU.ActiveCfg = Release|Any CPU
		{31A5039D-248E-46B7-B336-BC2602B70E33}.Release|Any CPU.Build.0 = Release|Any CPU
		{89A9F391-A6E0-4FA5-A8CD-0AC539570D91}.Debug|Any CPU.ActiveCfg = Debug|Any CPU
		{89A9F391-A6E0-4FA5-A8CD-0AC539570D91}.Debug|Any CPU.Build.0 = Debug|Any CPU
		{89A9F391-A6E0-4FA5-A8CD-0AC539570D91}.Release|Any CPU.ActiveCfg = Release|Any CPU
		{89A9F391-A6E0-4FA5-A8CD-0AC539570D91}.Release|Any CPU.Build.0 = Release|Any CPU
		{B8334669-6625-44BF-8B70-BEB82CC1580E}.Debug|Any CPU.ActiveCfg = Debug|Any CPU
		{B8334669-6625-44BF-8B70-BEB82CC1580E}.Debug|Any CPU.Build.0 = Debug|Any CPU
		{B8334669-6625-44BF-8B70-BEB82CC1580E}.Release|Any CPU.ActiveCfg = Release|Any CPU
		{B8334669-6625-44BF-8B70-BEB82CC1580E}.Release|Any CPU.Build.0 = Release|Any CPU
		{4E254759-9292-4A07-9559-2567B68A7B5B}.Debug|Any CPU.ActiveCfg = Debug|Any CPU
		{4E254759-9292-4A07-9559-2567B68A7B5B}.Debug|Any CPU.Build.0 = Debug|Any CPU
		{4E254759-9292-4A07-9559-2567B68A7B5B}.Release|Any CPU.ActiveCfg = Release|Any CPU
		{4E254759-9292-4A07-9559-2567B68A7B5B}.Release|Any CPU.Build.0 = Release|Any CPU
		{8C83E3E5-8B7D-47E2-8B0E-C0BE9564361E}.Debug|Any CPU.ActiveCfg = Debug|Any CPU
		{8C83E3E5-8B7D-47E2-8B0E-C0BE9564361E}.Debug|Any CPU.Build.0 = Debug|Any CPU
		{8C83E3E5-8B7D-47E2-8B0E-C0BE9564361E}.Release|Any CPU.ActiveCfg = Release|Any CPU
		{8C83E3E5-8B7D-47E2-8B0E-C0BE9564361E}.Release|Any CPU.Build.0 = Release|Any CPU
		{D603CB86-7420-4285-AB78-7C323010704A}.Debug|Any CPU.ActiveCfg = Debug|Any CPU
		{D603CB86-7420-4285-AB78-7C323010704A}.Debug|Any CPU.Build.0 = Debug|Any CPU
		{D603CB86-7420-4285-AB78-7C323010704A}.Release|Any CPU.ActiveCfg = Release|Any CPU
		{D603CB86-7420-4285-AB78-7C323010704A}.Release|Any CPU.Build.0 = Release|Any CPU
	EndGlobalSection
	GlobalSection(SolutionProperties) = preSolution
		HideSolutionNode = FALSE
	EndGlobalSection
	GlobalSection(NestedProjects) = preSolution
		{6BC06FC2-7757-4E54-AA70-92B4E0DBE904} = {EAC5CBEB-2E6A-4B02-A0E1-63945D41AD33}
		{31A5039D-248E-46B7-B336-BC2602B70E33} = {6BC06FC2-7757-4E54-AA70-92B4E0DBE904}
		{FCF1E24E-53C2-4C75-B437-58AA470BFDFB} = {EAC5CBEB-2E6A-4B02-A0E1-63945D41AD33}
		{89A9F391-A6E0-4FA5-A8CD-0AC539570D91} = {FCF1E24E-53C2-4C75-B437-58AA470BFDFB}
		{B969717C-6675-4D5B-B19D-1FA1AE81700B} = {EAC5CBEB-2E6A-4B02-A0E1-63945D41AD33}
		{11EF1601-F073-4AA5-9316-2C8825E296EE} = {B969717C-6675-4D5B-B19D-1FA1AE81700B}
		{6AC78F62-2DB4-4B51-B9E7-1BA19B198CE9} = {B969717C-6675-4D5B-B19D-1FA1AE81700B}
		{C7036FB7-C4E0-45FE-A9EB-2F1E026ADE14} = {B969717C-6675-4D5B-B19D-1FA1AE81700B}
		{B8334669-6625-44BF-8B70-BEB82CC1580E} = {11EF1601-F073-4AA5-9316-2C8825E296EE}
		{4E254759-9292-4A07-9559-2567B68A7B5B} = {11EF1601-F073-4AA5-9316-2C8825E296EE}
		{8C83E3E5-8B7D-47E2-8B0E-C0BE9564361E} = {6AC78F62-2DB4-4B51-B9E7-1BA19B198CE9}
		{D603CB86-7420-4285-AB78-7C323010704A} = {C7036FB7-C4E0-45FE-A9EB-2F1E026ADE14}
	EndGlobalSection
	GlobalSection(ExtensibilityGlobals) = postSolution
		SolutionGuid = {791C82D6-84C5-4944-A7FC-0474085B6B6F}
	EndGlobalSection
EndGlobal
